
Microsoft Visual Studio Solution File, Format Version 12.00
# Visual Studio Version 17
VisualStudioVersion = 17.5.33424.131
MinimumVisualStudioVersion = 10.0.40219.1
Project("{FAE04EC0-301F-11D3-BF4B-00C04F79EFBC}") = "fukuv0615", "fukuv0615\fukuv0615.csproj", "{0962E4E4-C6E5-4187-BC66-E93FAC3BF9C6}"
EndProject
Global
	GlobalSection(SolutionConfigurationPlatforms) = preSolution
		Debug|Any CPU = Debug|Any CPU
		Release|Any CPU = Release|Any CPU
	EndGlobalSection
	GlobalSection(ProjectConfigurationPlatforms) = postSolution
		{0962E4E4-C6E5-4187-BC66-E93FAC3BF9C6}.Debug|Any CPU.ActiveCfg = Debug|Any CPU
		{0962E4E4-C6E5-4187-BC66-E93FAC3BF9C6}.Debug|Any CPU.Build.0 = Debug|Any CPU
		{0962E4E4-C6E5-4187-BC66-E93FAC3BF9C6}.Release|Any CPU.ActiveCfg = Release|Any CPU
		{0962E4E4-C6E5-4187-BC66-E93FAC3BF9C6}.Release|Any CPU.Build.0 = Release|Any CPU
	EndGlobalSection
	GlobalSection(SolutionProperties) = preSolution
		HideSolutionNode = FALSE
	EndGlobalSection
	GlobalSection(ExtensibilityGlobals) = postSolution
		SolutionGuid = {A58309A3-7BBD-40FD-B82C-BD432FC0B5C3}
	EndGlobalSection
EndGlobal
